
Microsoft Visual Studio Solution File, Format Version 12.00
# Visual Studio 2012
Project("{FAE04EC0-301F-11D3-BF4B-00C04F79EFBC}") = "WcfSunat", "WcfSunat\WcfSunat.csproj", "{15B3E0D2-6217-493A-A690-158C497F5318}"
EndProject
Project("{FAE04EC0-301F-11D3-BF4B-00C04F79EFBC}") = "Entidades", "Entidades\Entidades.csproj", "{0DA42999-1A6E-4C13-93A4-7D011AABCEB2}"
EndProject
Project("{FAE04EC0-301F-11D3-BF4B-00C04F79EFBC}") = "Sunat", "Sunat\Sunat.csproj", "{854A5883-98F2-47D1-A565-BFE3C360A771}"
	ProjectSection(ProjectDependencies) = postProject
		{15B3E0D2-6217-493A-A690-158C497F5318} = {15B3E0D2-6217-493A-A690-158C497F5318}
	EndProjectSection
EndProject
Global
	GlobalSection(SolutionConfigurationPlatforms) = preSolution
		Debug|Any CPU = Debug|Any CPU
		Release|Any CPU = Release|Any CPU
	EndGlobalSection
	GlobalSection(ProjectConfigurationPlatforms) = postSolution
		{15B3E0D2-6217-493A-A690-158C497F5318}.Debug|Any CPU.ActiveCfg = Debug|Any CPU
		{15B3E0D2-6217-493A-A690-158C497F5318}.Debug|Any CPU.Build.0 = Debug|Any CPU
		{15B3E0D2-6217-493A-A690-158C497F5318}.Release|Any CPU.ActiveCfg = Release|Any CPU
		{15B3E0D2-6217-493A-A690-158C497F5318}.Release|Any CPU.Build.0 = Release|Any CPU
		{0DA42999-1A6E-4C13-93A4-7D011AABCEB2}.Debug|Any CPU.ActiveCfg = Debug|Any CPU
		{0DA42999-1A6E-4C13-93A4-7D011AABCEB2}.Debug|Any CPU.Build.0 = Debug|Any CPU
		{0DA42999-1A6E-4C13-93A4-7D011AABCEB2}.Release|Any CPU.ActiveCfg = Release|Any CPU
		{0DA42999-1A6E-4C13-93A4-7D011AABCEB2}.Release|Any CPU.Build.0 = Release|Any CPU
		{854A5883-98F2-47D1-A565-BFE3C360A771}.Debug|Any CPU.ActiveCfg = Debug|Any CPU
		{854A5883-98F2-47D1-A565-BFE3C360A771}.Debug|Any CPU.Build.0 = Debug|Any CPU
		{854A5883-98F2-47D1-A565-BFE3C360A771}.Release|Any CPU.ActiveCfg = Release|Any CPU
		{854A5883-98F2-47D1-A565-BFE3C360A771}.Release|Any CPU.Build.0 = Release|Any CPU
	EndGlobalSection
	GlobalSection(SolutionProperties) = preSolution
		HideSolutionNode = FALSE
	EndGlobalSection
EndGlobal
